// !$*UTF8*$!
{
	archiveVersion = 1;
	classes = {
	};
	objectVersion = 46;
	objects = {

/* Begin PBXBuildFile section */
		A758C01819AE88E30026C453 /* Earth.jpg in Resources */ = {isa = PBXBuildFile; fileRef = A758C00E19AE88E30026C453 /* Earth.jpg */; };
		A758C01919AE88E30026C453 /* EinsteinRing.jpg in Resources */ = {isa = PBXBuildFile; fileRef = A758C00F19AE88E30026C453 /* EinsteinRing.jpg */; };
		A758C01A19AE88E30026C453 /* Jupiter.jpg in Resources */ = {isa = PBXBuildFile; fileRef = A758C01019AE88E30026C453 /* Jupiter.jpg */; };
		A758C01B19AE88E30026C453 /* Mars.jpg in Resources */ = {isa = PBXBuildFile; fileRef = A758C01119AE88E30026C453 /* Mars.jpg */; };
		A758C01C19AE88E30026C453 /* Mercury.jpg in Resources */ = {isa = PBXBuildFile; fileRef = A758C01219AE88E30026C453 /* Mercury.jpg */; };
		A758C01D19AE88E30026C453 /* Neptune.jpg in Resources */ = {isa = PBXBuildFile; fileRef = A758C01319AE88E30026C453 /* Neptune.jpg */; };
		A758C01E19AE88E30026C453 /* Orion.jpg in Resources */ = {isa = PBXBuildFile; fileRef = A758C01419AE88E30026C453 /* Orion.jpg */; };
		A758C01F19AE88E30026C453 /* Saturn.jpg in Resources */ = {isa = PBXBuildFile; fileRef = A758C01519AE88E30026C453 /* Saturn.jpg */; };
		A758C02019AE88E30026C453 /* Uranus.jpg in Resources */ = {isa = PBXBuildFile; fileRef = A758C01619AE88E30026C453 /* Uranus.jpg */; };
		A758C02119AE88E30026C453 /* Venus.jpg in Resources */ = {isa = PBXBuildFile; fileRef = A758C01719AE88E30026C453 /* Venus.jpg */; };
		A758C02419AE894F0026C453 /* AGEotwSpaceObject.m in Sources */ = {isa = PBXBuildFile; fileRef = A758C02319AE894F0026C453 /* AGEotwSpaceObject.m */; };
		A763D65719AB7FEE0087DFB7 /* AstronomicalData.m in Sources */ = {isa = PBXBuildFile; fileRef = A763D65619AB7FEE0087DFB7 /* AstronomicalData.m */; };
		A7A4142819A64DBE006E13E0 /* Foundation.framework in Frameworks */ = {isa = PBXBuildFile; fileRef = A7A4142719A64DBE006E13E0 /* Foundation.framework */; };
		A7A4142A19A64DBE006E13E0 /* CoreGraphics.framework in Frameworks */ = {isa = PBXBuildFile; fileRef = A7A4142919A64DBE006E13E0 /* CoreGraphics.framework */; };
		A7A4142C19A64DBE006E13E0 /* UIKit.framework in Frameworks */ = {isa = PBXBuildFile; fileRef = A7A4142B19A64DBE006E13E0 /* UIKit.framework */; };
		A7A4143219A64DBE006E13E0 /* InfoPlist.strings in Resources */ = {isa = PBXBuildFile; fileRef = A7A4143019A64DBE006E13E0 /* InfoPlist.strings */; };
		A7A4143419A64DBE006E13E0 /* main.m in Sources */ = {isa = PBXBuildFile; fileRef = A7A4143319A64DBE006E13E0 /* main.m */; };
		A7A4143819A64DBE006E13E0 /* AGEotwAppDelegate.m in Sources */ = {isa = PBXBuildFile; fileRef = A7A4143719A64DBE006E13E0 /* AGEotwAppDelegate.m */; };
		A7A4143B19A64DBE006E13E0 /* Main.storyboard in Resources */ = {isa = PBXBuildFile; fileRef = A7A4143919A64DBE006E13E0 /* Main.storyboard */; };
		A7A4144019A64DBE006E13E0 /* Images.xcassets in Resources */ = {isa = PBXBuildFile; fileRef = A7A4143F19A64DBE006E13E0 /* Images.xcassets */; };
		A7A4144719A64DBE006E13E0 /* XCTest.framework in Frameworks */ = {isa = PBXBuildFile; fileRef = A7A4144619A64DBE006E13E0 /* XCTest.framework */; };
		A7A4144819A64DBE006E13E0 /* Foundation.framework in Frameworks */ = {isa = PBXBuildFile; fileRef = A7A4142719A64DBE006E13E0 /* Foundation.framework */; };
		A7A4144919A64DBE006E13E0 /* UIKit.framework in Frameworks */ = {isa = PBXBuildFile; fileRef = A7A4142B19A64DBE006E13E0 /* UIKit.framework */; };
		A7A4145119A64DBE006E13E0 /* InfoPlist.strings in Resources */ = {isa = PBXBuildFile; fileRef = A7A4144F19A64DBE006E13E0 /* InfoPlist.strings */; };
		A7A4145319A64DBE006E13E0 /* AGEOutofthisworldTests.m in Sources */ = {isa = PBXBuildFile; fileRef = A7A4145219A64DBE006E13E0 /* AGEOutofthisworldTests.m */; };
		A7A4145E19A64ED7006E13E0 /* AGEOuterSpaceTableViewController.m in Sources */ = {isa = PBXBuildFile; fileRef = A7A4145D19A64ED7006E13E0 /* AGEOuterSpaceTableViewController.m */; };
		A7B0E6AA19B5FBB20081F588 /* AGESpaceImageViewController.m in Sources */ = {isa = PBXBuildFile; fileRef = A7B0E6A919B5FBB20081F588 /* AGESpaceImageViewController.m */; };
/* End PBXBuildFile section */

/* Begin PBXContainerItemProxy section */
		A7A4144A19A64DBE006E13E0 /* PBXContainerItemProxy */ = {
			isa = PBXContainerItemProxy;
			containerPortal = A7A4141C19A64DBE006E13E0 /* Project object */;
			proxyType = 1;
			remoteGlobalIDString = A7A4142319A64DBE006E13E0;
			remoteInfo = AGEOutofthisworld;
		};
/* End PBXContainerItemProxy section */

/* Begin PBXFileReference section */
		A758C00E19AE88E30026C453 /* Earth.jpg */ = {isa = PBXFileReference; lastKnownFileType = image.jpeg; path = Earth.jpg; sourceTree = "<group>"; };
		A758C00F19AE88E30026C453 /* EinsteinRing.jpg */ = {isa = PBXFileReference; lastKnownFileType = image.jpeg; path = EinsteinRing.jpg; sourceTree = "<group>"; };
		A758C01019AE88E30026C453 /* Jupiter.jpg */ = {isa = PBXFileReference; lastKnownFileType = image.jpeg; path = Jupiter.jpg; sourceTree = "<group>"; };
		A758C01119AE88E30026C453 /* Mars.jpg */ = {isa = PBXFileReference; lastKnownFileType = image.jpeg; path = Mars.jpg; sourceTree = "<group>"; };
		A758C01219AE88E30026C453 /* Mercury.jpg */ = {isa = PBXFileReference; lastKnownFileType = image.jpeg; path = Mercury.jpg; sourceTree = "<group>"; };
		A758C01319AE88E30026C453 /* Neptune.jpg */ = {isa = PBXFileReference; lastKnownFileType = image.jpeg; path = Neptune.jpg; sourceTree = "<group>"; };
		A758C01419AE88E30026C453 /* Orion.jpg */ = {isa = PBXFileReference; lastKnownFileType = image.jpeg; path = Orion.jpg; sourceTree = "<group>"; };
		A758C01519AE88E30026C453 /* Saturn.jpg */ = {isa = PBXFileReference; lastKnownFileType = image.jpeg; path = Saturn.jpg; sourceTree = "<group>"; };
		A758C01619AE88E30026C453 /* Uranus.jpg */ = {isa = PBXFileReference; lastKnownFileType = image.jpeg; path = Uranus.jpg; sourceTree = "<group>"; };
		A758C01719AE88E30026C453 /* Venus.jpg */ = {isa = PBXFileReference; lastKnownFileType = image.jpeg; path = Venus.jpg; sourceTree = "<group>"; };
		A758C02219AE894F0026C453 /* AGEotwSpaceObject.h */ = {isa = PBXFileReference; fileEncoding = 4; lastKnownFileType = sourcecode.c.h; path = AGEotwSpaceObject.h; sourceTree = "<group>"; };
		A758C02319AE894F0026C453 /* AGEotwSpaceObject.m */ = {isa = PBXFileReference; fileEncoding = 4; lastKnownFileType = sourcecode.c.objc; path = AGEotwSpaceObject.m; sourceTree = "<group>"; };
		A763D65519AB7FEE0087DFB7 /* AstronomicalData.h */ = {isa = PBXFileReference; fileEncoding = 4; lastKnownFileType = sourcecode.c.h; path = AstronomicalData.h; sourceTree = "<group>"; };
		A763D65619AB7FEE0087DFB7 /* AstronomicalData.m */ = {isa = PBXFileReference; fileEncoding = 4; lastKnownFileType = sourcecode.c.objc; path = AstronomicalData.m; sourceTree = "<group>"; };
		A7A4142419A64DBE006E13E0 /* AGEOutofthisworld.app */ = {isa = PBXFileReference; explicitFileType = wrapper.application; includeInIndex = 0; path = AGEOutofthisworld.app; sourceTree = BUILT_PRODUCTS_DIR; };
		A7A4142719A64DBE006E13E0 /* Foundation.framework */ = {isa = PBXFileReference; lastKnownFileType = wrapper.framework; name = Foundation.framework; path = System/Library/Frameworks/Foundation.framework; sourceTree = SDKROOT; };
		A7A4142919A64DBE006E13E0 /* CoreGraphics.framework */ = {isa = PBXFileReference; lastKnownFileType = wrapper.framework; name = CoreGraphics.framework; path = System/Library/Frameworks/CoreGraphics.framework; sourceTree = SDKROOT; };
		A7A4142B19A64DBE006E13E0 /* UIKit.framework */ = {isa = PBXFileReference; lastKnownFileType = wrapper.framework; name = UIKit.framework; path = System/Library/Frameworks/UIKit.framework; sourceTree = SDKROOT; };
		A7A4142F19A64DBE006E13E0 /* AGEOutofthisworld-Info.plist */ = {isa = PBXFileReference; lastKnownFileType = text.plist.xml; path = "AGEOutofthisworld-Info.plist"; sourceTree = "<group>"; };
		A7A4143119A64DBE006E13E0 /* en */ = {isa = PBXFileReference; lastKnownFileType = text.plist.strings; name = en; path = en.lproj/InfoPlist.strings; sourceTree = "<group>"; };
		A7A4143319A64DBE006E13E0 /* main.m */ = {isa = PBXFileReference; lastKnownFileType = sourcecode.c.objc; path = main.m; sourceTree = "<group>"; };
		A7A4143519A64DBE006E13E0 /* AGEOutofthisworld-Prefix.pch */ = {isa = PBXFileReference; lastKnownFileType = sourcecode.c.h; path = "AGEOutofthisworld-Prefix.pch"; sourceTree = "<group>"; };
		A7A4143619A64DBE006E13E0 /* AGEotwAppDelegate.h */ = {isa = PBXFileReference; lastKnownFileType = sourcecode.c.h; path = AGEotwAppDelegate.h; sourceTree = "<group>"; };
		A7A4143719A64DBE006E13E0 /* AGEotwAppDelegate.m */ = {isa = PBXFileReference; lastKnownFileType = sourcecode.c.objc; path = AGEotwAppDelegate.m; sourceTree = "<group>"; };
		A7A4143A19A64DBE006E13E0 /* Base */ = {isa = PBXFileReference; lastKnownFileType = file.storyboard; name = Base; path = Base.lproj/Main.storyboard; sourceTree = "<group>"; };
		A7A4143F19A64DBE006E13E0 /* Images.xcassets */ = {isa = PBXFileReference; lastKnownFileType = folder.assetcatalog; path = Images.xcassets; sourceTree = "<group>"; };
		A7A4144519A64DBE006E13E0 /* AGEOutofthisworldTests.xctest */ = {isa = PBXFileReference; explicitFileType = wrapper.cfbundle; includeInIndex = 0; path = AGEOutofthisworldTests.xctest; sourceTree = BUILT_PRODUCTS_DIR; };
		A7A4144619A64DBE006E13E0 /* XCTest.framework */ = {isa = PBXFileReference; lastKnownFileType = wrapper.framework; name = XCTest.framework; path = Library/Frameworks/XCTest.framework; sourceTree = DEVELOPER_DIR; };
		A7A4144E19A64DBE006E13E0 /* AGEOutofthisworldTests-Info.plist */ = {isa = PBXFileReference; lastKnownFileType = text.plist.xml; path = "AGEOutofthisworldTests-Info.plist"; sourceTree = "<group>"; };
		A7A4145019A64DBE006E13E0 /* en */ = {isa = PBXFileReference; lastKnownFileType = text.plist.strings; name = en; path = en.lproj/InfoPlist.strings; sourceTree = "<group>"; };
		A7A4145219A64DBE006E13E0 /* AGEOutofthisworldTests.m */ = {isa = PBXFileReference; lastKnownFileType = sourcecode.c.objc; path = AGEOutofthisworldTests.m; sourceTree = "<group>"; };
		A7A4145C19A64ED7006E13E0 /* AGEOuterSpaceTableViewController.h */ = {isa = PBXFileReference; fileEncoding = 4; lastKnownFileType = sourcecode.c.h; name = AGEOuterSpaceTableViewController.h; path = ../AGEOuterSpaceTableViewController.h; sourceTree = "<group>"; };
		A7A4145D19A64ED7006E13E0 /* AGEOuterSpaceTableViewController.m */ = {isa = PBXFileReference; fileEncoding = 4; lastKnownFileType = sourcecode.c.objc; name = AGEOuterSpaceTableViewController.m; path = ../AGEOuterSpaceTableViewController.m; sourceTree = "<group>"; };
		A7B0E6A819B5FBB20081F588 /* AGESpaceImageViewController.h */ = {isa = PBXFileReference; fileEncoding = 4; lastKnownFileType = sourcecode.c.h; path = AGESpaceImageViewController.h; sourceTree = "<group>"; };
		A7B0E6A919B5FBB20081F588 /* AGESpaceImageViewController.m */ = {isa = PBXFileReference; fileEncoding = 4; lastKnownFileType = sourcecode.c.objc; path = AGESpaceImageViewController.m; sourceTree = "<group>"; };
/* End PBXFileReference section */

/* Begin PBXFrameworksBuildPhase section */
		A7A4142119A64DBE006E13E0 /* Frameworks */ = {
			isa = PBXFrameworksBuildPhase;
			buildActionMask = 2147483647;
			files = (
				A7A4142A19A64DBE006E13E0 /* CoreGraphics.framework in Frameworks */,
				A7A4142C19A64DBE006E13E0 /* UIKit.framework in Frameworks */,
				A7A4142819A64DBE006E13E0 /* Foundation.framework in Frameworks */,
			);
			runOnlyForDeploymentPostprocessing = 0;
		};
		A7A4144219A64DBE006E13E0 /* Frameworks */ = {
			isa = PBXFrameworksBuildPhase;
			buildActionMask = 2147483647;
			files = (
				A7A4144719A64DBE006E13E0 /* XCTest.framework in Frameworks */,
				A7A4144919A64DBE006E13E0 /* UIKit.framework in Frameworks */,
				A7A4144819A64DBE006E13E0 /* Foundation.framework in Frameworks */,
			);
			runOnlyForDeploymentPostprocessing = 0;
		};
/* End PBXFrameworksBuildPhase section */

/* Begin PBXGroup section */
		A7A4141B19A64DBE006E13E0 = {
			isa = PBXGroup;
			children = (
				A7A4142D19A64DBE006E13E0 /* AGEOutofthisworld */,
				A7A4144C19A64DBE006E13E0 /* AGEOutofthisworldTests */,
				A7A4142619A64DBE006E13E0 /* Frameworks */,
				A7A4142519A64DBE006E13E0 /* Products */,
			);
			sourceTree = "<group>";
		};
		A7A4142519A64DBE006E13E0 /* Products */ = {
			isa = PBXGroup;
			children = (
				A7A4142419A64DBE006E13E0 /* AGEOutofthisworld.app */,
				A7A4144519A64DBE006E13E0 /* AGEOutofthisworldTests.xctest */,
			);
			name = Products;
			sourceTree = "<group>";
		};
		A7A4142619A64DBE006E13E0 /* Frameworks */ = {
			isa = PBXGroup;
			children = (
				A7A4142719A64DBE006E13E0 /* Foundation.framework */,
				A7A4142919A64DBE006E13E0 /* CoreGraphics.framework */,
				A7A4142B19A64DBE006E13E0 /* UIKit.framework */,
				A7A4144619A64DBE006E13E0 /* XCTest.framework */,
			);
			name = Frameworks;
			sourceTree = "<group>";
		};
		A7A4142D19A64DBE006E13E0 /* AGEOutofthisworld */ = {
			isa = PBXGroup;
			children = (
				A7A4143619A64DBE006E13E0 /* AGEotwAppDelegate.h */,
				A7A4143719A64DBE006E13E0 /* AGEotwAppDelegate.m */,
				A758C02219AE894F0026C453 /* AGEotwSpaceObject.h */,
				A758C02319AE894F0026C453 /* AGEotwSpaceObject.m */,
				A7A4143919A64DBE006E13E0 /* Main.storyboard */,
				A7B0E6A819B5FBB20081F588 /* AGESpaceImageViewController.h */,
				A7B0E6A919B5FBB20081F588 /* AGESpaceImageViewController.m */,
				A7A4145C19A64ED7006E13E0 /* AGEOuterSpaceTableViewController.h */,
				A7A4145D19A64ED7006E13E0 /* AGEOuterSpaceTableViewController.m */,
				A7A4143F19A64DBE006E13E0 /* Images.xcassets */,
				A7A4142E19A64DBE006E13E0 /* Supporting Files */,
			);
			path = AGEOutofthisworld;
			sourceTree = "<group>";
		};
		A7A4142E19A64DBE006E13E0 /* Supporting Files */ = {
			isa = PBXGroup;
			children = (
				A758C00E19AE88E30026C453 /* Earth.jpg */,
				A758C00F19AE88E30026C453 /* EinsteinRing.jpg */,
				A758C01019AE88E30026C453 /* Jupiter.jpg */,
				A758C01119AE88E30026C453 /* Mars.jpg */,
				A758C01219AE88E30026C453 /* Mercury.jpg */,
				A758C01319AE88E30026C453 /* Neptune.jpg */,
				A758C01419AE88E30026C453 /* Orion.jpg */,
				A758C01519AE88E30026C453 /* Saturn.jpg */,
				A758C01619AE88E30026C453 /* Uranus.jpg */,
				A758C01719AE88E30026C453 /* Venus.jpg */,
				A763D65519AB7FEE0087DFB7 /* AstronomicalData.h */,
				A763D65619AB7FEE0087DFB7 /* AstronomicalData.m */,
				A7A4142F19A64DBE006E13E0 /* AGEOutofthisworld-Info.plist */,
				A7A4143019A64DBE006E13E0 /* InfoPlist.strings */,
				A7A4143319A64DBE006E13E0 /* main.m */,
				A7A4143519A64DBE006E13E0 /* AGEOutofthisworld-Prefix.pch */,
			);
			name = "Supporting Files";
			sourceTree = "<group>";
		};
		A7A4144C19A64DBE006E13E0 /* AGEOutofthisworldTests */ = {
			isa = PBXGroup;
			children = (
				A7A4145219A64DBE006E13E0 /* AGEOutofthisworldTests.m */,
				A7A4144D19A64DBE006E13E0 /* Supporting Files */,
			);
			path = AGEOutofthisworldTests;
			sourceTree = "<group>";
		};
		A7A4144D19A64DBE006E13E0 /* Supporting Files */ = {
			isa = PBXGroup;
			children = (
				A7A4144E19A64DBE006E13E0 /* AGEOutofthisworldTests-Info.plist */,
				A7A4144F19A64DBE006E13E0 /* InfoPlist.strings */,
			);
			name = "Supporting Files";
			sourceTree = "<group>";
		};
/* End PBXGroup section */

/* Begin PBXNativeTarget section */
		A7A4142319A64DBE006E13E0 /* AGEOutofthisworld */ = {
			isa = PBXNativeTarget;
			buildConfigurationList = A7A4145619A64DBE006E13E0 /* Build configuration list for PBXNativeTarget "AGEOutofthisworld" */;
			buildPhases = (
				A7A4142019A64DBE006E13E0 /* Sources */,
				A7A4142119A64DBE006E13E0 /* Frameworks */,
				A7A4142219A64DBE006E13E0 /* Resources */,
			);
			buildRules = (
			);
			dependencies = (
			);
			name = AGEOutofthisworld;
			productName = AGEOutofthisworld;
			productReference = A7A4142419A64DBE006E13E0 /* AGEOutofthisworld.app */;
			productType = "com.apple.product-type.application";
		};
		A7A4144419A64DBE006E13E0 /* AGEOutofthisworldTests */ = {
			isa = PBXNativeTarget;
			buildConfigurationList = A7A4145919A64DBE006E13E0 /* Build configuration list for PBXNativeTarget "AGEOutofthisworldTests" */;
			buildPhases = (
				A7A4144119A64DBE006E13E0 /* Sources */,
				A7A4144219A64DBE006E13E0 /* Frameworks */,
				A7A4144319A64DBE006E13E0 /* Resources */,
			);
			buildRules = (
			);
			dependencies = (
				A7A4144B19A64DBE006E13E0 /* PBXTargetDependency */,
			);
			name = AGEOutofthisworldTests;
			productName = AGEOutofthisworldTests;
			productReference = A7A4144519A64DBE006E13E0 /* AGEOutofthisworldTests.xctest */;
			productType = "com.apple.product-type.bundle.unit-test";
		};
/* End PBXNativeTarget section */

/* Begin PBXProject section */
		A7A4141C19A64DBE006E13E0 /* Project object */ = {
			isa = PBXProject;
			attributes = {
				CLASSPREFIX = AGEotw;
				LastUpgradeCheck = 0510;
				ORGANIZATIONNAME = "IOS7Course-age";
				TargetAttributes = {
					A7A4144419A64DBE006E13E0 = {
						TestTargetID = A7A4142319A64DBE006E13E0;
					};
				};
			};
			buildConfigurationList = A7A4141F19A64DBE006E13E0 /* Build configuration list for PBXProject "AGEOutofthisworld" */;
			compatibilityVersion = "Xcode 3.2";
			developmentRegion = English;
			hasScannedForEncodings = 0;
			knownRegions = (
				en,
				Base,
			);
			mainGroup = A7A4141B19A64DBE006E13E0;
			productRefGroup = A7A4142519A64DBE006E13E0 /* Products */;
			projectDirPath = "";
			projectRoot = "";
			targets = (
				A7A4142319A64DBE006E13E0 /* AGEOutofthisworld */,
				A7A4144419A64DBE006E13E0 /* AGEOutofthisworldTests */,
			);
		};
/* End PBXProject section */

/* Begin PBXResourcesBuildPhase section */
		A7A4142219A64DBE006E13E0 /* Resources */ = {
			isa = PBXResourcesBuildPhase;
			buildActionMask = 2147483647;
			files = (
				A758C01819AE88E30026C453 /* Earth.jpg in Resources */,
				A758C02119AE88E30026C453 /* Venus.jpg in Resources */,
				A758C01C19AE88E30026C453 /* Mercury.jpg in Resources */,
				A758C01F19AE88E30026C453 /* Saturn.jpg in Resources */,
				A758C02019AE88E30026C453 /* Uranus.jpg in Resources */,
				A7A4144019A64DBE006E13E0 /* Images.xcassets in Resources */,
				A758C01D19AE88E30026C453 /* Neptune.jpg in Resources */,
				A758C01B19AE88E30026C453 /* Mars.jpg in Resources */,
				A7A4143219A64DBE006E13E0 /* InfoPlist.strings in Resources */,
				A7A4143B19A64DBE006E13E0 /* Main.storyboard in Resources */,
				A758C01919AE88E30026C453 /* EinsteinRing.jpg in Resources */,
				A758C01A19AE88E30026C453 /* Jupiter.jpg in Resources */,
				A758C01E19AE88E30026C453 /* Orion.jpg in Resources */,
			);
			runOnlyForDeploymentPostprocessing = 0;
		};
		A7A4144319A64DBE006E13E0 /* Resources */ = {
			isa = PBXResourcesBuildPhase;
			buildActionMask = 2147483647;
			files = (
				A7A4145119A64DBE006E13E0 /* InfoPlist.strings in Resources */,
			);
			runOnlyForDeploymentPostprocessing = 0;
		};
/* End PBXResourcesBuildPhase section */

/* Begin PBXSourcesBuildPhase section */
		A7A4142019A64DBE006E13E0 /* Sources */ = {
			isa = PBXSourcesBuildPhase;
			buildActionMask = 2147483647;
			files = (
				A7A4143419A64DBE006E13E0 /* main.m in Sources */,
				A7B0E6AA19B5FBB20081F588 /* AGESpaceImageViewController.m in Sources */,
				A7A4143819A64DBE006E13E0 /* AGEotwAppDelegate.m in Sources */,
				A7A4145E19A64ED7006E13E0 /* AGEOuterSpaceTableViewController.m in Sources */,
				A758C02419AE894F0026C453 /* AGEotwSpaceObject.m in Sources */,
				A763D65719AB7FEE0087DFB7 /* AstronomicalData.m in Sources */,
			);
			runOnlyForDeploymentPostprocessing = 0;
		};
		A7A4144119A64DBE006E13E0 /* Sources */ = {
			isa = PBXSourcesBuildPhase;
			buildActionMask = 2147483647;
			files = (
				A7A4145319A64DBE006E13E0 /* AGEOutofthisworldTests.m in Sources */,
			);
			runOnlyForDeploymentPostprocessing = 0;
		};
/* End PBXSourcesBuildPhase section */

/* Begin PBXTargetDependency section */
		A7A4144B19A64DBE006E13E0 /* PBXTargetDependency */ = {
			isa = PBXTargetDependency;
			target = A7A4142319A64DBE006E13E0 /* AGEOutofthisworld */;
			targetProxy = A7A4144A19A64DBE006E13E0 /* PBXContainerItemProxy */;
		};
/* End PBXTargetDependency section */

/* Begin PBXVariantGroup section */
		A7A4143019A64DBE006E13E0 /* InfoPlist.strings */ = {
			isa = PBXVariantGroup;
			children = (
				A7A4143119A64DBE006E13E0 /* en */,
			);
			name = InfoPlist.strings;
			sourceTree = "<group>";
		};
		A7A4143919A64DBE006E13E0 /* Main.storyboard */ = {
			isa = PBXVariantGroup;
			children = (
				A7A4143A19A64DBE006E13E0 /* Base */,
			);
			name = Main.storyboard;
			sourceTree = "<group>";
		};
		A7A4144F19A64DBE006E13E0 /* InfoPlist.strings */ = {
			isa = PBXVariantGroup;
			children = (
				A7A4145019A64DBE006E13E0 /* en */,
			);
			name = InfoPlist.strings;
			sourceTree = "<group>";
		};
/* End PBXVariantGroup section */

/* Begin XCBuildConfiguration section */
		A7A4145419A64DBE006E13E0 /* Debug */ = {
			isa = XCBuildConfiguration;
			buildSettings = {
				ALWAYS_SEARCH_USER_PATHS = NO;
				CLANG_CXX_LANGUAGE_STANDARD = "gnu++0x";
				CLANG_CXX_LIBRARY = "libc++";
				CLANG_ENABLE_MODULES = YES;
				CLANG_ENABLE_OBJC_ARC = YES;
				CLANG_WARN_BOOL_CONVERSION = YES;
				CLANG_WARN_CONSTANT_CONVERSION = YES;
				CLANG_WARN_DIRECT_OBJC_ISA_USAGE = YES_ERROR;
				CLANG_WARN_EMPTY_BODY = YES;
				CLANG_WARN_ENUM_CONVERSION = YES;
				CLANG_WARN_INT_CONVERSION = YES;
				CLANG_WARN_OBJC_ROOT_CLASS = YES_ERROR;
				CLANG_WARN__DUPLICATE_METHOD_MATCH = YES;
				"CODE_SIGN_IDENTITY[sdk=iphoneos*]" = "iPhone Developer";
				COPY_PHASE_STRIP = NO;
				GCC_C_LANGUAGE_STANDARD = gnu99;
				GCC_DYNAMIC_NO_PIC = NO;
				GCC_OPTIMIZATION_LEVEL = 0;
				GCC_PREPROCESSOR_DEFINITIONS = (
					"DEBUG=1",
					"$(inherited)",
				);
				GCC_SYMBOLS_PRIVATE_EXTERN = NO;
				GCC_WARN_64_TO_32_BIT_CONVERSION = YES;
				GCC_WARN_ABOUT_RETURN_TYPE = YES_ERROR;
				GCC_WARN_UNDECLARED_SELECTOR = YES;
				GCC_WARN_UNINITIALIZED_AUTOS = YES_AGGRESSIVE;
				GCC_WARN_UNUSED_FUNCTION = YES;
				GCC_WARN_UNUSED_VARIABLE = YES;
				IPHONEOS_DEPLOYMENT_TARGET = 7.1;
				ONLY_ACTIVE_ARCH = YES;
				SDKROOT = iphoneos;
			};
			name = Debug;
		};
		A7A4145519A64DBE006E13E0 /* Release */ = {
			isa = XCBuildConfiguration;
			buildSettings = {
				ALWAYS_SEARCH_USER_PATHS = NO;
				CLANG_CXX_LANGUAGE_STANDARD = "gnu++0x";
				CLANG_CXX_LIBRARY = "libc++";
				CLANG_ENABLE_MODULES = YES;
				CLANG_ENABLE_OBJC_ARC = YES;
				CLANG_WARN_BOOL_CONVERSION = YES;
				CLANG_WARN_CONSTANT_CONVERSION = YES;
				CLANG_WARN_DIRECT_OBJC_ISA_USAGE = YES_ERROR;
				CLANG_WARN_EMPTY_BODY = YES;
				CLANG_WARN_ENUM_CONVERSION = YES;
				CLANG_WARN_INT_CONVERSION = YES;
				CLANG_WARN_OBJC_ROOT_CLASS = YES_ERROR;
				CLANG_WARN__DUPLICATE_METHOD_MATCH = YES;
				"CODE_SIGN_IDENTITY[sdk=iphoneos*]" = "iPhone Developer";
				COPY_PHASE_STRIP = YES;
				ENABLE_NS_ASSERTIONS = NO;
				GCC_C_LANGUAGE_STANDARD = gnu99;
				GCC_WARN_64_TO_32_BIT_CONVERSION = YES;
				GCC_WARN_ABOUT_RETURN_TYPE = YES_ERROR;
				GCC_WARN_UNDECLARED_SELECTOR = YES;
				GCC_WARN_UNINITIALIZED_AUTOS = YES_AGGRESSIVE;
				GCC_WARN_UNUSED_FUNCTION = YES;
				GCC_WARN_UNUSED_VARIABLE = YES;
				IPHONEOS_DEPLOYMENT_TARGET = 7.1;
				SDKROOT = iphoneos;
				VALIDATE_PRODUCT = YES;
			};
			name = Release;
		};
		A7A4145719A64DBE006E13E0 /* Debug */ = {
			isa = XCBuildConfiguration;
			buildSettings = {
				ASSETCATALOG_COMPILER_APPICON_NAME = AppIcon;
				ASSETCATALOG_COMPILER_LAUNCHIMAGE_NAME = LaunchImage;
				GCC_PRECOMPILE_PREFIX_HEADER = YES;
				GCC_PREFIX_HEADER = "AGEOutofthisworld/AGEOutofthisworld-Prefix.pch";
				INFOPLIST_FILE = "AGEOutofthisworld/AGEOutofthisworld-Info.plist";
				PRODUCT_NAME = "$(TARGET_NAME)";
				WRAPPER_EXTENSION = app;
			};
			name = Debug;
		};
		A7A4145819A64DBE006E13E0 /* Release */ = {
			isa = XCBuildConfiguration;
			buildSettings = {
				ASSETCATALOG_COMPILER_APPICON_NAME = AppIcon;
				ASSETCATALOG_COMPILER_LAUNCHIMAGE_NAME = LaunchImage;
				GCC_PRECOMPILE_PREFIX_HEADER = YES;
				GCC_PREFIX_HEADER = "AGEOutofthisworld/AGEOutofthisworld-Prefix.pch";
				INFOPLIST_FILE = "AGEOutofthisworld/AGEOutofthisworld-Info.plist";
				PRODUCT_NAME = "$(TARGET_NAME)";
				WRAPPER_EXTENSION = app;
			};
			name = Release;
		};
		A7A4145A19A64DBE006E13E0 /* Debug */ = {
			isa = XCBuildConfiguration;
			buildSettings = {
				BUNDLE_LOADER = "$(BUILT_PRODUCTS_DIR)/AGEOutofthisworld.app/AGEOutofthisworld";
				FRAMEWORK_SEARCH_PATHS = (
					"$(SDKROOT)/Developer/Library/Frameworks",
					"$(inherited)",
					"$(DEVELOPER_FRAMEWORKS_DIR)",
				);
				GCC_PRECOMPILE_PREFIX_HEADER = YES;
				GCC_PREFIX_HEADER = "AGEOutofthisworld/AGEOutofthisworld-Prefix.pch";
				GCC_PREPROCESSOR_DEFINITIONS = (
					"DEBUG=1",
					"$(inherited)",
				);
				INFOPLIST_FILE = "AGEOutofthisworldTests/AGEOutofthisworldTests-Info.plist";
				PRODUCT_NAME = "$(TARGET_NAME)";
				TEST_HOST = "$(BUNDLE_LOADER)";
				WRAPPER_EXTENSION = xctest;
			};
			name = Debug;
		};
		A7A4145B19A64DBE006E13E0 /* Release */ = {
			isa = XCBuildConfiguration;
			buildSettings = {
				BUNDLE_LOADER = "$(BUILT_PRODUCTS_DIR)/AGEOutofthisworld.app/AGEOutofthisworld";
				FRAMEWORK_SEARCH_PATHS = (
					"$(SDKROOT)/Developer/Library/Frameworks",
					"$(inherited)",
					"$(DEVELOPER_FRAMEWORKS_DIR)",
				);
				GCC_PRECOMPILE_PREFIX_HEADER = YES;
				GCC_PREFIX_HEADER = "AGEOutofthisworld/AGEOutofthisworld-Prefix.pch";
				INFOPLIST_FILE = "AGEOutofthisworldTests/AGEOutofthisworldTests-Info.plist";
				PRODUCT_NAME = "$(TARGET_NAME)";
				TEST_HOST = "$(BUNDLE_LOADER)";
				WRAPPER_EXTENSION = xctest;
			};
			name = Release;
		};
/* End XCBuildConfiguration section */

/* Begin XCConfigurationList section */
		A7A4141F19A64DBE006E13E0 /* Build configuration list for PBXProject "AGEOutofthisworld" */ = {
			isa = XCConfigurationList;
			buildConfigurations = (
				A7A4145419A64DBE006E13E0 /* Debug */,
				A7A4145519A64DBE006E13E0 /* Release */,
			);
			defaultConfigurationIsVisible = 0;
			defaultConfigurationName = Release;
		};
		A7A4145619A64DBE006E13E0 /* Build configuration list for PBXNativeTarget "AGEOutofthisworld" */ = {
			isa = XCConfigurationList;
			buildConfigurations = (
				A7A4145719A64DBE006E13E0 /* Debug */,
				A7A4145819A64DBE006E13E0 /* Release */,
			);
			defaultConfigurationIsVisible = 0;
			defaultConfigurationName = Release;
		};
		A7A4145919A64DBE006E13E0 /* Build configuration list for PBXNativeTarget "AGEOutofthisworldTests" */ = {
			isa = XCConfigurationList;
			buildConfigurations = (
				A7A4145A19A64DBE006E13E0 /* Debug */,
				A7A4145B19A64DBE006E13E0 /* Release */,
			);
			defaultConfigurationIsVisible = 0;
			defaultConfigurationName = Release;
		};
/* End XCConfigurationList section */
	};
	rootObject = A7A4141C19A64DBE006E13E0 /* Project object */;
}
